
Microsoft Visual Studio Solution File, Format Version 12.00
# Visual Studio Version 17
VisualStudioVersion = 17.2.32616.157
MinimumVisualStudioVersion = 10.0.40219.1
Project("{FAE04EC0-301F-11D3-BF4B-00C04F79EFBC}") = "Clalit.WebApi.ZeevG", "Clalit.WebApi.ZeevG\Clalit.WebApi.ZeevG.csproj", "{1957DBEB-53F5-4572-B493-9A8FCE6F9716}"
EndProject
Global
	GlobalSection(SolutionConfigurationPlatforms) = preSolution
		Debug|Any CPU = Debug|Any CPU
		Release|Any CPU = Release|Any CPU
	EndGlobalSection
	GlobalSection(ProjectConfigurationPlatforms) = postSolution
		{1957DBEB-53F5-4572-B493-9A8FCE6F9716}.Debug|Any CPU.ActiveCfg = Debug|Any CPU
		{1957DBEB-53F5-4572-B493-9A8FCE6F9716}.Debug|Any CPU.Build.0 = Debug|Any CPU
		{1957DBEB-53F5-4572-B493-9A8FCE6F9716}.Release|Any CPU.ActiveCfg = Release|Any CPU
		{1957DBEB-53F5-4572-B493-9A8FCE6F9716}.Release|Any CPU.Build.0 = Release|Any CPU
	EndGlobalSection
	GlobalSection(SolutionProperties) = preSolution
		HideSolutionNode = FALSE
	EndGlobalSection
	GlobalSection(ExtensibilityGlobals) = postSolution
		SolutionGuid = {3F872BD3-B220-427B-9412-375BB36520EA}
	EndGlobalSection
EndGlobal
